// !$*UTF8*$!
{
	archiveVersion = 1;
	classes = {
	};
	objectVersion = 56;
	objects = {

/* Begin PBXBuildFile section */
		3B0175602940A17700ECB6DE /* AirLudeApp.swift in Sources */ = {isa = PBXBuildFile; fileRef = 3B01755F2940A17700ECB6DE /* AirLudeApp.swift */; };
		3B0175642940A17800ECB6DE /* Assets.xcassets in Resources */ = {isa = PBXBuildFile; fileRef = 3B0175632940A17800ECB6DE /* Assets.xcassets */; };
		3B0175672940A17800ECB6DE /* Preview Assets.xcassets in Resources */ = {isa = PBXBuildFile; fileRef = 3B0175662940A17800ECB6DE /* Preview Assets.xcassets */; };
		3B0175692940A17800ECB6DE /* Persistence.swift in Sources */ = {isa = PBXBuildFile; fileRef = 3B0175682940A17800ECB6DE /* Persistence.swift */; };
		3B01756C2940A17800ECB6DE /* AirLude.xcdatamodeld in Sources */ = {isa = PBXBuildFile; fileRef = 3B01756A2940A17800ECB6DE /* AirLude.xcdatamodeld */; };
		3B11E447294227A0007CD5A3 /* SheetViewAddEvents.swift in Sources */ = {isa = PBXBuildFile; fileRef = 3B11E446294227A0007CD5A3 /* SheetViewAddEvents.swift */; };
		3B2EAAC92947378500F28D25 /* OnBoarding.swift in Sources */ = {isa = PBXBuildFile; fileRef = 3B2EAAC82947378500F28D25 /* OnBoarding.swift */; };
		3B8DFAD129435F5A009E3919 /* EventsPage.swift in Sources */ = {isa = PBXBuildFile; fileRef = 3B8DFAD029435F5A009E3919 /* EventsPage.swift */; };
		3B8DFAD6294365E3009E3919 /* Student+CoreDataClass.swift in Sources */ = {isa = PBXBuildFile; fileRef = 3B8DFAD2294365E3009E3919 /* Student+CoreDataClass.swift */; };
		3B8DFAD7294365E3009E3919 /* Student+CoreDataProperties.swift in Sources */ = {isa = PBXBuildFile; fileRef = 3B8DFAD3294365E3009E3919 /* Student+CoreDataProperties.swift */; };
		3B8DFAD8294365E3009E3919 /* Event+CoreDataClass.swift in Sources */ = {isa = PBXBuildFile; fileRef = 3B8DFAD4294365E3009E3919 /* Event+CoreDataClass.swift */; };
		3B8DFAD9294365E3009E3919 /* Event+CoreDataProperties.swift in Sources */ = {isa = PBXBuildFile; fileRef = 3B8DFAD5294365E3009E3919 /* Event+CoreDataProperties.swift */; };
		3BBED3582944D27C009FD0C6 /* EventDetails.swift in Sources */ = {isa = PBXBuildFile; fileRef = 3BBED3572944D27C009FD0C6 /* EventDetails.swift */; };
		3BBFA83E29477B1B00E8998F /* SelectionRow.swift in Sources */ = {isa = PBXBuildFile; fileRef = 3BBFA83D29477B1B00E8998F /* SelectionRow.swift */; };
/* End PBXBuildFile section */

/* Begin PBXFileReference section */
		3B01755C2940A17700ECB6DE /* AirLude.app */ = {isa = PBXFileReference; explicitFileType = wrapper.application; includeInIndex = 0; path = AirLude.app; sourceTree = BUILT_PRODUCTS_DIR; };
		3B01755F2940A17700ECB6DE /* AirLudeApp.swift */ = {isa = PBXFileReference; lastKnownFileType = sourcecode.swift; path = AirLudeApp.swift; sourceTree = "<group>"; };
		3B0175632940A17800ECB6DE /* Assets.xcassets */ = {isa = PBXFileReference; lastKnownFileType = folder.assetcatalog; path = Assets.xcassets; sourceTree = "<group>"; };
		3B0175662940A17800ECB6DE /* Preview Assets.xcassets */ = {isa = PBXFileReference; lastKnownFileType = folder.assetcatalog; path = "Preview Assets.xcassets"; sourceTree = "<group>"; };
		3B0175682940A17800ECB6DE /* Persistence.swift */ = {isa = PBXFileReference; lastKnownFileType = sourcecode.swift; path = Persistence.swift; sourceTree = "<group>"; };
		3B01756B2940A17800ECB6DE /* AirLude.xcdatamodel */ = {isa = PBXFileReference; lastKnownFileType = wrapper.xcdatamodel; path = AirLude.xcdatamodel; sourceTree = "<group>"; };
		3B11E446294227A0007CD5A3 /* SheetViewAddEvents.swift */ = {isa = PBXFileReference; lastKnownFileType = sourcecode.swift; path = SheetViewAddEvents.swift; sourceTree = "<group>"; };
		3B2EAAC82947378500F28D25 /* OnBoarding.swift */ = {isa = PBXFileReference; lastKnownFileType = sourcecode.swift; path = OnBoarding.swift; sourceTree = "<group>"; };
		3B8DFAD029435F5A009E3919 /* EventsPage.swift */ = {isa = PBXFileReference; lastKnownFileType = sourcecode.swift; path = EventsPage.swift; sourceTree = "<group>"; };
		3B8DFAD2294365E3009E3919 /* Student+CoreDataClass.swift */ = {isa = PBXFileReference; lastKnownFileType = sourcecode.swift; path = "Student+CoreDataClass.swift"; sourceTree = "<group>"; };
		3B8DFAD3294365E3009E3919 /* Student+CoreDataProperties.swift */ = {isa = PBXFileReference; lastKnownFileType = sourcecode.swift; path = "Student+CoreDataProperties.swift"; sourceTree = "<group>"; };
		3B8DFAD4294365E3009E3919 /* Event+CoreDataClass.swift */ = {isa = PBXFileReference; lastKnownFileType = sourcecode.swift; path = "Event+CoreDataClass.swift"; sourceTree = "<group>"; };
		3B8DFAD5294365E3009E3919 /* Event+CoreDataProperties.swift */ = {isa = PBXFileReference; lastKnownFileType = sourcecode.swift; path = "Event+CoreDataProperties.swift"; sourceTree = "<group>"; };
		3BBED3572944D27C009FD0C6 /* EventDetails.swift */ = {isa = PBXFileReference; lastKnownFileType = sourcecode.swift; path = EventDetails.swift; sourceTree = "<group>"; };
		3BBFA83D29477B1B00E8998F /* SelectionRow.swift */ = {isa = PBXFileReference; lastKnownFileType = sourcecode.swift; path = SelectionRow.swift; sourceTree = "<group>"; };
/* End PBXFileReference section */

/* Begin PBXFrameworksBuildPhase section */
		3B0175592940A17700ECB6DE /* Frameworks */ = {
			isa = PBXFrameworksBuildPhase;
			buildActionMask = 2147483647;
			files = (
			);
			runOnlyForDeploymentPostprocessing = 0;
		};
/* End PBXFrameworksBuildPhase section */

/* Begin PBXGroup section */
		3B0175532940A17700ECB6DE = {
			isa = PBXGroup;
			children = (
				3B01755E2940A17700ECB6DE /* AirLude */,
				3B01755D2940A17700ECB6DE /* Products */,
			);
			sourceTree = "<group>";
		};
		3B01755D2940A17700ECB6DE /* Products */ = {
			isa = PBXGroup;
			children = (
				3B01755C2940A17700ECB6DE /* AirLude.app */,
			);
			name = Products;
			sourceTree = "<group>";
		};
		3B01755E2940A17700ECB6DE /* AirLude */ = {
			isa = PBXGroup;
			children = (
				3BBFA83C29477AFB00E8998F /* Utils */,
				3B8DFADA294365EF009E3919 /* CoreDataClasses */,
				3B01755F2940A17700ECB6DE /* AirLudeApp.swift */,
				3B11E446294227A0007CD5A3 /* SheetViewAddEvents.swift */,
				3B8DFAD029435F5A009E3919 /* EventsPage.swift */,
				3B0175632940A17800ECB6DE /* Assets.xcassets */,
				3B0175682940A17800ECB6DE /* Persistence.swift */,
				3B01756A2940A17800ECB6DE /* AirLude.xcdatamodeld */,
				3B0175652940A17800ECB6DE /* Preview Content */,
			);
			path = AirLude;
			sourceTree = "<group>";
		};
		3B0175652940A17800ECB6DE /* Preview Content */ = {
			isa = PBXGroup;
			children = (
				3B0175662940A17800ECB6DE /* Preview Assets.xcassets */,
			);
			path = "Preview Content";
			sourceTree = "<group>";
		};
		3B8DFADA294365EF009E3919 /* CoreDataClasses */ = {
			isa = PBXGroup;
			children = (
				3B8DFAD2294365E3009E3919 /* Student+CoreDataClass.swift */,
				3B8DFAD3294365E3009E3919 /* Student+CoreDataProperties.swift */,
				3B8DFAD4294365E3009E3919 /* Event+CoreDataClass.swift */,
				3B8DFAD5294365E3009E3919 /* Event+CoreDataProperties.swift */,
				3BBED3572944D27C009FD0C6 /* EventDetails.swift */,
			);
			path = CoreDataClasses;
			sourceTree = "<group>";
		};
		3BBFA83C29477AFB00E8998F /* Utils */ = {
			isa = PBXGroup;
			children = (
				3B2EAAC82947378500F28D25 /* OnBoarding.swift */,
				3BBFA83D29477B1B00E8998F /* SelectionRow.swift */,
			);
			path = Utils;
			sourceTree = "<group>";
		};
/* End PBXGroup section */

/* Begin PBXNativeTarget section */
		3B01755B2940A17700ECB6DE /* AirLude */ = {
			isa = PBXNativeTarget;
			buildConfigurationList = 3B01756F2940A17800ECB6DE /* Build configuration list for PBXNativeTarget "AirLude" */;
			buildPhases = (
				3B0175582940A17700ECB6DE /* Sources */,
				3B0175592940A17700ECB6DE /* Frameworks */,
				3B01755A2940A17700ECB6DE /* Resources */,
			);
			buildRules = (
			);
			dependencies = (
			);
			name = AirLude;
			productName = AirLude;
			productReference = 3B01755C2940A17700ECB6DE /* AirLude.app */;
			productType = "com.apple.product-type.application";
		};
/* End PBXNativeTarget section */

/* Begin PBXProject section */
		3B0175542940A17700ECB6DE /* Project object */ = {
			isa = PBXProject;
			attributes = {
				BuildIndependentTargetsInParallel = 1;
				LastSwiftUpdateCheck = 1410;
				LastUpgradeCheck = 1410;
				TargetAttributes = {
					3B01755B2940A17700ECB6DE = {
						CreatedOnToolsVersion = 14.1;
					};
				};
			};
			buildConfigurationList = 3B0175572940A17700ECB6DE /* Build configuration list for PBXProject "AirLude" */;
			compatibilityVersion = "Xcode 14.0";
			developmentRegion = en;
			hasScannedForEncodings = 0;
			knownRegions = (
				en,
				Base,
			);
			mainGroup = 3B0175532940A17700ECB6DE;
			productRefGroup = 3B01755D2940A17700ECB6DE /* Products */;
			projectDirPath = "";
			projectRoot = "";
			targets = (
				3B01755B2940A17700ECB6DE /* AirLude */,
			);
		};
/* End PBXProject section */

/* Begin PBXResourcesBuildPhase section */
		3B01755A2940A17700ECB6DE /* Resources */ = {
			isa = PBXResourcesBuildPhase;
			buildActionMask = 2147483647;
			files = (
				3B0175672940A17800ECB6DE /* Preview Assets.xcassets in Resources */,
				3B0175642940A17800ECB6DE /* Assets.xcassets in Resources */,
			);
			runOnlyForDeploymentPostprocessing = 0;
		};
/* End PBXResourcesBuildPhase section */

/* Begin PBXSourcesBuildPhase section */
		3B0175582940A17700ECB6DE /* Sources */ = {
			isa = PBXSourcesBuildPhase;
			buildActionMask = 2147483647;
			files = (
				3B2EAAC92947378500F28D25 /* OnBoarding.swift in Sources */,
				3BBFA83E29477B1B00E8998F /* SelectionRow.swift in Sources */,
				3B8DFAD9294365E3009E3919 /* Event+CoreDataProperties.swift in Sources */,
				3B0175692940A17800ECB6DE /* Persistence.swift in Sources */,
				3B8DFAD7294365E3009E3919 /* Student+CoreDataProperties.swift in Sources */,
				3B01756C2940A17800ECB6DE /* AirLude.xcdatamodeld in Sources */,
				3B8DFAD8294365E3009E3919 /* Event+CoreDataClass.swift in Sources */,
				3B8DFAD6294365E3009E3919 /* Student+CoreDataClass.swift in Sources */,
				3BBED3582944D27C009FD0C6 /* EventDetails.swift in Sources */,
				3B0175602940A17700ECB6DE /* AirLudeApp.swift in Sources */,
				3B8DFAD129435F5A009E3919 /* EventsPage.swift in Sources */,
				3B11E447294227A0007CD5A3 /* SheetViewAddEvents.swift in Sources */,
			);
			runOnlyForDeploymentPostprocessing = 0;
		};
/* End PBXSourcesBuildPhase section */

/* Begin XCBuildConfiguration section */
		3B01756D2940A17800ECB6DE /* Debug */ = {
			isa = XCBuildConfiguration;
			buildSettings = {
				ALWAYS_SEARCH_USER_PATHS = NO;
				CLANG_ANALYZER_NONNULL = YES;
				CLANG_ANALYZER_NUMBER_OBJECT_CONVERSION = YES_AGGRESSIVE;
				CLANG_CXX_LANGUAGE_STANDARD = "gnu++20";
				CLANG_ENABLE_MODULES = YES;
				CLANG_ENABLE_OBJC_ARC = YES;
				CLANG_ENABLE_OBJC_WEAK = YES;
				CLANG_WARN_BLOCK_CAPTURE_AUTORELEASING = YES;
				CLANG_WARN_BOOL_CONVERSION = YES;
				CLANG_WARN_COMMA = YES;
				CLANG_WARN_CONSTANT_CONVERSION = YES;
				CLANG_WARN_DEPRECATED_OBJC_IMPLEMENTATIONS = YES;
				CLANG_WARN_DIRECT_OBJC_ISA_USAGE = YES_ERROR;
				CLANG_WARN_DOCUMENTATION_COMMENTS = YES;
				CLANG_WARN_EMPTY_BODY = YES;
				CLANG_WARN_ENUM_CONVERSION = YES;
				CLANG_WARN_INFINITE_RECURSION = YES;
				CLANG_WARN_INT_CONVERSION = YES;
				CLANG_WARN_NON_LITERAL_NULL_CONVERSION = YES;
				CLANG_WARN_OBJC_IMPLICIT_RETAIN_SELF = YES;
				CLANG_WARN_OBJC_LITERAL_CONVERSION = YES;
				CLANG_WARN_OBJC_ROOT_CLASS = YES_ERROR;
				CLANG_WARN_QUOTED_INCLUDE_IN_FRAMEWORK_HEADER = YES;
				CLANG_WARN_RANGE_LOOP_ANALYSIS = YES;
				CLANG_WARN_STRICT_PROTOTYPES = YES;
				CLANG_WARN_SUSPICIOUS_MOVE = YES;
				CLANG_WARN_UNGUARDED_AVAILABILITY = YES_AGGRESSIVE;
				CLANG_WARN_UNREACHABLE_CODE = YES;
				CLANG_WARN__DUPLICATE_METHOD_MATCH = YES;
				COPY_PHASE_STRIP = NO;
				DEBUG_INFORMATION_FORMAT = dwarf;
				ENABLE_STRICT_OBJC_MSGSEND = YES;
				ENABLE_TESTABILITY = YES;
				GCC_C_LANGUAGE_STANDARD = gnu11;
				GCC_DYNAMIC_NO_PIC = NO;
				GCC_NO_COMMON_BLOCKS = YES;
				GCC_OPTIMIZATION_LEVEL = 0;
				GCC_PREPROCESSOR_DEFINITIONS = (
					"DEBUG=1",
					"$(inherited)",
				);
				GCC_WARN_64_TO_32_BIT_CONVERSION = YES;
				GCC_WARN_ABOUT_RETURN_TYPE = YES_ERROR;
				GCC_WARN_UNDECLARED_SELECTOR = YES;
				GCC_WARN_UNINITIALIZED_AUTOS = YES_AGGRESSIVE;
				GCC_WARN_UNUSED_FUNCTION = YES;
				GCC_WARN_UNUSED_VARIABLE = YES;
				IPHONEOS_DEPLOYMENT_TARGET = 16.1;
				MTL_ENABLE_DEBUG_INFO = INCLUDE_SOURCE;
				MTL_FAST_MATH = YES;
				ONLY_ACTIVE_ARCH = YES;
				SDKROOT = iphoneos;
				SWIFT_ACTIVE_COMPILATION_CONDITIONS = DEBUG;
				SWIFT_OPTIMIZATION_LEVEL = "-Onone";
			};
			name = Debug;
		};
		3B01756E2940A17800ECB6DE /* Release */ = {
			isa = XCBuildConfiguration;
			buildSettings = {
				ALWAYS_SEARCH_USER_PATHS = NO;
				CLANG_ANALYZER_NONNULL = YES;
				CLANG_ANALYZER_NUMBER_OBJECT_CONVERSION = YES_AGGRESSIVE;
				CLANG_CXX_LANGUAGE_STANDARD = "gnu++20";
				CLANG_ENABLE_MODULES = YES;
				CLANG_ENABLE_OBJC_ARC = YES;
				CLANG_ENABLE_OBJC_WEAK = YES;
				CLANG_WARN_BLOCK_CAPTURE_AUTORELEASING = YES;
				CLANG_WARN_BOOL_CONVERSION = YES;
				CLANG_WARN_COMMA = YES;
				CLANG_WARN_CONSTANT_CONVERSION = YES;
				CLANG_WARN_DEPRECATED_OBJC_IMPLEMENTATIONS = YES;
				CLANG_WARN_DIRECT_OBJC_ISA_USAGE = YES_ERROR;
				CLANG_WARN_DOCUMENTATION_COMMENTS = YES;
				CLANG_WARN_EMPTY_BODY = YES;
				CLANG_WARN_ENUM_CONVERSION = YES;
				CLANG_WARN_INFINITE_RECURSION = YES;
				CLANG_WARN_INT_CONVERSION = YES;
				CLANG_WARN_NON_LITERAL_NULL_CONVERSION = YES;
				CLANG_WARN_OBJC_IMPLICIT_RETAIN_SELF = YES;
				CLANG_WARN_OBJC_LITERAL_CONVERSION = YES;
				CLANG_WARN_OBJC_ROOT_CLASS = YES_ERROR;
				CLANG_WARN_QUOTED_INCLUDE_IN_FRAMEWORK_HEADER = YES;
				CLANG_WARN_RANGE_LOOP_ANALYSIS = YES;
				CLANG_WARN_STRICT_PROTOTYPES = YES;
				CLANG_WARN_SUSPICIOUS_MOVE = YES;
				CLANG_WARN_UNGUARDED_AVAILABILITY = YES_AGGRESSIVE;
				CLANG_WARN_UNREACHABLE_CODE = YES;
				CLANG_WARN__DUPLICATE_METHOD_MATCH = YES;
				COPY_PHASE_STRIP = NO;
				DEBUG_INFORMATION_FORMAT = "dwarf-with-dsym";
				ENABLE_NS_ASSERTIONS = NO;
				ENABLE_STRICT_OBJC_MSGSEND = YES;
				GCC_C_LANGUAGE_STANDARD = gnu11;
				GCC_NO_COMMON_BLOCKS = YES;
				GCC_WARN_64_TO_32_BIT_CONVERSION = YES;
				GCC_WARN_ABOUT_RETURN_TYPE = YES_ERROR;
				GCC_WARN_UNDECLARED_SELECTOR = YES;
				GCC_WARN_UNINITIALIZED_AUTOS = YES_AGGRESSIVE;
				GCC_WARN_UNUSED_FUNCTION = YES;
				GCC_WARN_UNUSED_VARIABLE = YES;
				IPHONEOS_DEPLOYMENT_TARGET = 16.1;
				MTL_ENABLE_DEBUG_INFO = NO;
				MTL_FAST_MATH = YES;
				SDKROOT = iphoneos;
				SWIFT_COMPILATION_MODE = wholemodule;
				SWIFT_OPTIMIZATION_LEVEL = "-O";
				VALIDATE_PRODUCT = YES;
			};
			name = Release;
		};
		3B0175702940A17800ECB6DE /* Debug */ = {
			isa = XCBuildConfiguration;
			buildSettings = {
				ASSETCATALOG_COMPILER_APPICON_NAME = AppIcon;
				ASSETCATALOG_COMPILER_GLOBAL_ACCENT_COLOR_NAME = AccentColor;
				CODE_SIGN_STYLE = Automatic;
				CURRENT_PROJECT_VERSION = 1;
				DEVELOPMENT_ASSET_PATHS = "\"AirLude/Preview Content\"";
				DEVELOPMENT_TEAM = Y5P2U42H49;
				ENABLE_PREVIEWS = YES;
				GENERATE_INFOPLIST_FILE = YES;
				INFOPLIST_KEY_UIApplicationSceneManifest_Generation = YES;
				INFOPLIST_KEY_UIApplicationSupportsIndirectInputEvents = YES;
				INFOPLIST_KEY_UILaunchScreen_Generation = YES;
				INFOPLIST_KEY_UISupportedInterfaceOrientations_iPad = "UIInterfaceOrientationPortrait UIInterfaceOrientationPortraitUpsideDown UIInterfaceOrientationLandscapeLeft UIInterfaceOrientationLandscapeRight";
				INFOPLIST_KEY_UISupportedInterfaceOrientations_iPhone = "UIInterfaceOrientationPortrait UIInterfaceOrientationLandscapeLeft UIInterfaceOrientationLandscapeRight";
				LD_RUNPATH_SEARCH_PATHS = (
					"$(inherited)",
					"@executable_path/Frameworks",
				);
				MARKETING_VERSION = 1.0;
				PRODUCT_BUNDLE_IDENTIFIER = valerio.mosca.2022.AirLude;
				PRODUCT_NAME = "$(TARGET_NAME)";
				SWIFT_EMIT_LOC_STRINGS = YES;
				SWIFT_VERSION = 5.0;
				TARGETED_DEVICE_FAMILY = "1,2";
			};
			name = Debug;
		};
		3B0175712940A17800ECB6DE /* Release */ = {
			isa = XCBuildConfiguration;
			buildSettings = {
				ASSETCATALOG_COMPILER_APPICON_NAME = AppIcon;
				ASSETCATALOG_COMPILER_GLOBAL_ACCENT_COLOR_NAME = AccentColor;
				CODE_SIGN_STYLE = Automatic;
				CURRENT_PROJECT_VERSION = 1;
				DEVELOPMENT_ASSET_PATHS = "\"AirLude/Preview Content\"";
				DEVELOPMENT_TEAM = Y5P2U42H49;
				ENABLE_PREVIEWS = YES;
				GENERATE_INFOPLIST_FILE = YES;
				INFOPLIST_KEY_UIApplicationSceneManifest_Generation = YES;
				INFOPLIST_KEY_UIApplicationSupportsIndirectInputEvents = YES;
				INFOPLIST_KEY_UILaunchScreen_Generation = YES;
				INFOPLIST_KEY_UISupportedInterfaceOrientations_iPad = "UIInterfaceOrientationPortrait UIInterfaceOrientationPortraitUpsideDown UIInterfaceOrientationLandscapeLeft UIInterfaceOrientationLandscapeRight";
				INFOPLIST_KEY_UISupportedInterfaceOrientations_iPhone = "UIInterfaceOrientationPortrait UIInterfaceOrientationLandscapeLeft UIInterfaceOrientationLandscapeRight";
				LD_RUNPATH_SEARCH_PATHS = (
					"$(inherited)",
					"@executable_path/Frameworks",
				);
				MARKETING_VERSION = 1.0;
				PRODUCT_BUNDLE_IDENTIFIER = valerio.mosca.2022.AirLude;
				PRODUCT_NAME = "$(TARGET_NAME)";
				SWIFT_EMIT_LOC_STRINGS = YES;
				SWIFT_VERSION = 5.0;
				TARGETED_DEVICE_FAMILY = "1,2";
			};
			name = Release;
		};
/* End XCBuildConfiguration section */

/* Begin XCConfigurationList section */
		3B0175572940A17700ECB6DE /* Build configuration list for PBXProject "AirLude" */ = {
			isa = XCConfigurationList;
			buildConfigurations = (
				3B01756D2940A17800ECB6DE /* Debug */,
				3B01756E2940A17800ECB6DE /* Release */,
			);
			defaultConfigurationIsVisible = 0;
			defaultConfigurationName = Release;
		};
		3B01756F2940A17800ECB6DE /* Build configuration list for PBXNativeTarget "AirLude" */ = {
			isa = XCConfigurationList;
			buildConfigurations = (
				3B0175702940A17800ECB6DE /* Debug */,
				3B0175712940A17800ECB6DE /* Release */,
			);
			defaultConfigurationIsVisible = 0;
			defaultConfigurationName = Release;
		};
/* End XCConfigurationList section */

/* Begin XCVersionGroup section */
		3B01756A2940A17800ECB6DE /* AirLude.xcdatamodeld */ = {
			isa = XCVersionGroup;
			children = (
				3B01756B2940A17800ECB6DE /* AirLude.xcdatamodel */,
			);
			currentVersion = 3B01756B2940A17800ECB6DE /* AirLude.xcdatamodel */;
			path = AirLude.xcdatamodeld;
			sourceTree = "<group>";
			versionGroupType = wrapper.xcdatamodel;
		};
/* End XCVersionGroup section */
	};
	rootObject = 3B0175542940A17700ECB6DE /* Project object */;
}
